// !$*UTF8*$!
{
	archiveVersion = 1;
	classes = {
	};
	objectVersion = 46;
	objects = {

/* Begin PBXBuildFile section */
		4B2452B41E68962600F4E78B /* AppDelegate.m in Sources */ = {isa = PBXBuildFile; fileRef = 4B2452B31E68962600F4E78B /* AppDelegate.m */; };
		4B2452B71E68962600F4E78B /* main.m in Sources */ = {isa = PBXBuildFile; fileRef = 4B2452B61E68962600F4E78B /* main.m */; };
		4B2452B91E68962600F4E78B /* Assets.xcassets in Resources */ = {isa = PBXBuildFile; fileRef = 4B2452B81E68962600F4E78B /* Assets.xcassets */; };
		4B2452BC1E68962600F4E78B /* MainMenu.xib in Resources */ = {isa = PBXBuildFile; fileRef = 4B2452BA1E68962600F4E78B /* MainMenu.xib */; };
		4B2452C51E68988A00F4E78B /* ProcessTableViewController.m in Sources */ = {isa = PBXBuildFile; fileRef = 4B2452C41E68988A00F4E78B /* ProcessTableViewController.m */; };
		4B2452CC1E689A2B00F4E78B /* bsd_process_util.cpp in Sources */ = {isa = PBXBuildFile; fileRef = 4B2452C61E689A2B00F4E78B /* bsd_process_util.cpp */; };
		4B2452CD1E689A2B00F4E78B /* ProcessModel.mm in Sources */ = {isa = PBXBuildFile; fileRef = 4B2452C71E689A2B00F4E78B /* ProcessModel.mm */; };
		4B2452CE1E689A2B00F4E78B /* ProcessItem.m in Sources */ = {isa = PBXBuildFile; fileRef = 4B2452CA1E689A2B00F4E78B /* ProcessItem.m */; };
/* End PBXBuildFile section */

/* Begin PBXFileReference section */
		4B2452AF1E68962600F4E78B /* BasicProcessManager.app */ = {isa = PBXFileReference; explicitFileType = wrapper.application; includeInIndex = 0; path = BasicProcessManager.app; sourceTree = BUILT_PRODUCTS_DIR; };
		4B2452B21E68962600F4E78B /* AppDelegate.h */ = {isa = PBXFileReference; lastKnownFileType = sourcecode.c.h; path = AppDelegate.h; sourceTree = "<group>"; };
		4B2452B31E68962600F4E78B /* AppDelegate.m */ = {isa = PBXFileReference; lastKnownFileType = sourcecode.c.objc; path = AppDelegate.m; sourceTree = "<group>"; };
		4B2452B61E68962600F4E78B /* main.m */ = {isa = PBXFileReference; lastKnownFileType = sourcecode.c.objc; path = main.m; sourceTree = "<group>"; };
		4B2452B81E68962600F4E78B /* Assets.xcassets */ = {isa = PBXFileReference; lastKnownFileType = folder.assetcatalog; path = Assets.xcassets; sourceTree = "<group>"; };
		4B2452BB1E68962600F4E78B /* Base */ = {isa = PBXFileReference; lastKnownFileType = file.xib; name = Base; path = Base.lproj/MainMenu.xib; sourceTree = "<group>"; };
		4B2452BD1E68962600F4E78B /* Info.plist */ = {isa = PBXFileReference; lastKnownFileType = text.plist.xml; path = Info.plist; sourceTree = "<group>"; };
		4B2452C31E68988A00F4E78B /* ProcessTableViewController.h */ = {isa = PBXFileReference; fileEncoding = 4; lastKnownFileType = sourcecode.c.h; path = ProcessTableViewController.h; sourceTree = "<group>"; };
		4B2452C41E68988A00F4E78B /* ProcessTableViewController.m */ = {isa = PBXFileReference; fileEncoding = 4; lastKnownFileType = sourcecode.c.objc; path = ProcessTableViewController.m; sourceTree = "<group>"; };
		4B2452C61E689A2B00F4E78B /* bsd_process_util.cpp */ = {isa = PBXFileReference; fileEncoding = 4; lastKnownFileType = sourcecode.cpp.cpp; path = bsd_process_util.cpp; sourceTree = "<group>"; };
		4B2452C71E689A2B00F4E78B /* ProcessModel.mm */ = {isa = PBXFileReference; fileEncoding = 4; lastKnownFileType = sourcecode.cpp.objcpp; path = ProcessModel.mm; sourceTree = "<group>"; };
		4B2452C81E689A2B00F4E78B /* bsd_process_util.hpp */ = {isa = PBXFileReference; fileEncoding = 4; lastKnownFileType = sourcecode.cpp.h; path = bsd_process_util.hpp; sourceTree = "<group>"; };
		4B2452C91E689A2B00F4E78B /* ProcessModel.h */ = {isa = PBXFileReference; fileEncoding = 4; lastKnownFileType = sourcecode.c.h; path = ProcessModel.h; sourceTree = "<group>"; };
		4B2452CA1E689A2B00F4E78B /* ProcessItem.m */ = {isa = PBXFileReference; fileEncoding = 4; lastKnownFileType = sourcecode.c.objc; path = ProcessItem.m; sourceTree = "<group>"; };
		4B2452CB1E689A2B00F4E78B /* ProcessItem.h */ = {isa = PBXFileReference; fileEncoding = 4; lastKnownFileType = sourcecode.c.h; path = ProcessItem.h; sourceTree = "<group>"; };
/* End PBXFileReference section */

/* Begin PBXFrameworksBuildPhase section */
		4B2452AC1E68962600F4E78B /* Frameworks */ = {
			isa = PBXFrameworksBuildPhase;
			buildActionMask = 2147483647;
			files = (
			);
			runOnlyForDeploymentPostprocessing = 0;
		};
/* End PBXFrameworksBuildPhase section */

/* Begin PBXGroup section */
		4B2452A61E68962600F4E78B = {
			isa = PBXGroup;
			children = (
				4B2452B11E68962600F4E78B /* BasicProcessManager */,
				4B2452B01E68962600F4E78B /* Products */,
			);
			sourceTree = "<group>";
		};
		4B2452B01E68962600F4E78B /* Products */ = {
			isa = PBXGroup;
			children = (
				4B2452AF1E68962600F4E78B /* BasicProcessManager.app */,
			);
			name = Products;
			sourceTree = "<group>";
		};
		4B2452B11E68962600F4E78B /* BasicProcessManager */ = {
			isa = PBXGroup;
			children = (
				4B2452C61E689A2B00F4E78B /* bsd_process_util.cpp */,
				4B2452C81E689A2B00F4E78B /* bsd_process_util.hpp */,
				4B2452C71E689A2B00F4E78B /* ProcessModel.mm */,
				4B2452C91E689A2B00F4E78B /* ProcessModel.h */,
				4B2452CA1E689A2B00F4E78B /* ProcessItem.m */,
				4B2452CB1E689A2B00F4E78B /* ProcessItem.h */,
				4B2452B21E68962600F4E78B /* AppDelegate.h */,
				4B2452C31E68988A00F4E78B /* ProcessTableViewController.h */,
				4B2452C41E68988A00F4E78B /* ProcessTableViewController.m */,
				4B2452B31E68962600F4E78B /* AppDelegate.m */,
				4B2452B81E68962600F4E78B /* Assets.xcassets */,
				4B2452BA1E68962600F4E78B /* MainMenu.xib */,
				4B2452BD1E68962600F4E78B /* Info.plist */,
				4B2452B51E68962600F4E78B /* Supporting Files */,
			);
			path = BasicProcessManager;
			sourceTree = "<group>";
		};
		4B2452B51E68962600F4E78B /* Supporting Files */ = {
			isa = PBXGroup;
			children = (
				4B2452B61E68962600F4E78B /* main.m */,
			);
			name = "Supporting Files";
			sourceTree = "<group>";
		};
/* End PBXGroup section */

/* Begin PBXNativeTarget section */
		4B2452AE1E68962600F4E78B /* BasicProcessManager */ = {
			isa = PBXNativeTarget;
			buildConfigurationList = 4B2452C01E68962600F4E78B /* Build configuration list for PBXNativeTarget "BasicProcessManager" */;
			buildPhases = (
				4B2452AB1E68962600F4E78B /* Sources */,
				4B2452AC1E68962600F4E78B /* Frameworks */,
				4B2452AD1E68962600F4E78B /* Resources */,
			);
			buildRules = (
			);
			dependencies = (
			);
			name = BasicProcessManager;
			productName = BasicProcessManager;
			productReference = 4B2452AF1E68962600F4E78B /* BasicProcessManager.app */;
			productType = "com.apple.product-type.application";
		};
/* End PBXNativeTarget section */

/* Begin PBXProject section */
		4B2452A71E68962600F4E78B /* Project object */ = {
			isa = PBXProject;
			attributes = {
				LastUpgradeCheck = 0820;
				ORGANIZATIONNAME = "Jeune Prime Origines";
				TargetAttributes = {
					4B2452AE1E68962600F4E78B = {
						CreatedOnToolsVersion = 8.2.1;
						ProvisioningStyle = Automatic;
					};
				};
			};
			buildConfigurationList = 4B2452AA1E68962600F4E78B /* Build configuration list for PBXProject "BasicProcessManager" */;
			compatibilityVersion = "Xcode 3.2";
			developmentRegion = English;
			hasScannedForEncodings = 0;
			knownRegions = (
				en,
				Base,
			);
			mainGroup = 4B2452A61E68962600F4E78B;
			productRefGroup = 4B2452B01E68962600F4E78B /* Products */;
			projectDirPath = "";
			projectRoot = "";
			targets = (
				4B2452AE1E68962600F4E78B /* BasicProcessManager */,
			);
		};
/* End PBXProject section */

/* Begin PBXResourcesBuildPhase section */
		4B2452AD1E68962600F4E78B /* Resources */ = {
			isa = PBXResourcesBuildPhase;
			buildActionMask = 2147483647;
			files = (
				4B2452B91E68962600F4E78B /* Assets.xcassets in Resources */,
				4B2452BC1E68962600F4E78B /* MainMenu.xib in Resources */,
			);
			runOnlyForDeploymentPostprocessing = 0;
		};
/* End PBXResourcesBuildPhase section */

/* Begin PBXSourcesBuildPhase section */
		4B2452AB1E68962600F4E78B /* Sources */ = {
			isa = PBXSourcesBuildPhase;
			buildActionMask = 2147483647;
			files = (
				4B2452C51E68988A00F4E78B /* ProcessTableViewController.m in Sources */,
				4B2452B71E68962600F4E78B /* main.m in Sources */,
				4B2452CE1E689A2B00F4E78B /* ProcessItem.m in Sources */,
				4B2452CD1E689A2B00F4E78B /* ProcessModel.mm in Sources */,
				4B2452CC1E689A2B00F4E78B /* bsd_process_util.cpp in Sources */,
				4B2452B41E68962600F4E78B /* AppDelegate.m in Sources */,
			);
			runOnlyForDeploymentPostprocessing = 0;
		};
/* End PBXSourcesBuildPhase section */

/* Begin PBXVariantGroup section */
		4B2452BA1E68962600F4E78B /* MainMenu.xib */ = {
			isa = PBXVariantGroup;
			children = (
				4B2452BB1E68962600F4E78B /* Base */,
			);
			name = MainMenu.xib;
			sourceTree = "<group>";
		};
/* End PBXVariantGroup section */

/* Begin XCBuildConfiguration section */
		4B2452BE1E68962600F4E78B /* Debug */ = {
			isa = XCBuildConfiguration;
			buildSettings = {
				ALWAYS_SEARCH_USER_PATHS = NO;
				CLANG_ANALYZER_NONNULL = YES;
				CLANG_CXX_LANGUAGE_STANDARD = "gnu++0x";
				CLANG_CXX_LIBRARY = "libc++";
				CLANG_ENABLE_MODULES = YES;
				CLANG_ENABLE_OBJC_ARC = YES;
				CLANG_WARN_BOOL_CONVERSION = YES;
				CLANG_WARN_CONSTANT_CONVERSION = YES;
				CLANG_WARN_DIRECT_OBJC_ISA_USAGE = YES_ERROR;
				CLANG_WARN_DOCUMENTATION_COMMENTS = YES;
				CLANG_WARN_EMPTY_BODY = YES;
				CLANG_WARN_ENUM_CONVERSION = YES;
				CLANG_WARN_INFINITE_RECURSION = YES;
				CLANG_WARN_INT_CONVERSION = YES;
				CLANG_WARN_OBJC_ROOT_CLASS = YES_ERROR;
				CLANG_WARN_SUSPICIOUS_MOVE = YES;
				CLANG_WARN_UNREACHABLE_CODE = YES;
				CLANG_WARN__DUPLICATE_METHOD_MATCH = YES;
				CODE_SIGN_IDENTITY = "-";
				COPY_PHASE_STRIP = NO;
				DEBUG_INFORMATION_FORMAT = dwarf;
				ENABLE_STRICT_OBJC_MSGSEND = YES;
				ENABLE_TESTABILITY = YES;
				GCC_C_LANGUAGE_STANDARD = gnu99;
				GCC_DYNAMIC_NO_PIC = NO;
				GCC_NO_COMMON_BLOCKS = YES;
				GCC_OPTIMIZATION_LEVEL = 0;
				GCC_PREPROCESSOR_DEFINITIONS = (
					"DEBUG=1",
					"$(inherited)",
				);
				GCC_WARN_64_TO_32_BIT_CONVERSION = YES;
				GCC_WARN_ABOUT_RETURN_TYPE = YES_ERROR;
				GCC_WARN_UNDECLARED_SELECTOR = YES;
				GCC_WARN_UNINITIALIZED_AUTOS = YES_AGGRESSIVE;
				GCC_WARN_UNUSED_FUNCTION = YES;
				GCC_WARN_UNUSED_VARIABLE = YES;
				MACOSX_DEPLOYMENT_TARGET = 10.12;
				MTL_ENABLE_DEBUG_INFO = YES;
				ONLY_ACTIVE_ARCH = YES;
				SDKROOT = macosx;
			};
			name = Debug;
		};
		4B2452BF1E68962600F4E78B /* Release */ = {
			isa = XCBuildConfiguration;
			buildSettings = {
				ALWAYS_SEARCH_USER_PATHS = NO;
				CLANG_ANALYZER_NONNULL = YES;
				CLANG_CXX_LANGUAGE_STANDARD = "gnu++0x";
				CLANG_CXX_LIBRARY = "libc++";
				CLANG_ENABLE_MODULES = YES;
				CLANG_ENABLE_OBJC_ARC = YES;
				CLANG_WARN_BOOL_CONVERSION = YES;
				CLANG_WARN_CONSTANT_CONVERSION = YES;
				CLANG_WARN_DIRECT_OBJC_ISA_USAGE = YES_ERROR;
				CLANG_WARN_DOCUMENTATION_COMMENTS = YES;
				CLANG_WARN_EMPTY_BODY = YES;
				CLANG_WARN_ENUM_CONVERSION = YES;
				CLANG_WARN_INFINITE_RECURSION = YES;
				CLANG_WARN_INT_CONVERSION = YES;
				CLANG_WARN_OBJC_ROOT_CLASS = YES_ERROR;
				CLANG_WARN_SUSPICIOUS_MOVE = YES;
				CLANG_WARN_UNREACHABLE_CODE = YES;
				CLANG_WARN__DUPLICATE_METHOD_MATCH = YES;
				CODE_SIGN_IDENTITY = "-";
				COPY_PHASE_STRIP = NO;
				DEBUG_INFORMATION_FORMAT = "dwarf-with-dsym";
				ENABLE_NS_ASSERTIONS = NO;
				ENABLE_STRICT_OBJC_MSGSEND = YES;
				GCC_C_LANGUAGE_STANDARD = gnu99;
				GCC_NO_COMMON_BLOCKS = YES;
				GCC_WARN_64_TO_32_BIT_CONVERSION = YES;
				GCC_WARN_ABOUT_RETURN_TYPE = YES_ERROR;
				GCC_WARN_UNDECLARED_SELECTOR = YES;
				GCC_WARN_UNINITIALIZED_AUTOS = YES_AGGRESSIVE;
				GCC_WARN_UNUSED_FUNCTION = YES;
				GCC_WARN_UNUSED_VARIABLE = YES;
				MACOSX_DEPLOYMENT_TARGET = 10.12;
				MTL_ENABLE_DEBUG_INFO = NO;
				SDKROOT = macosx;
			};
			name = Release;
		};
		4B2452C11E68962600F4E78B /* Debug */ = {
			isa = XCBuildConfiguration;
			buildSettings = {
				ASSETCATALOG_COMPILER_APPICON_NAME = AppIcon;
				COMBINE_HIDPI_IMAGES = YES;
				INFOPLIST_FILE = BasicProcessManager/Info.plist;
				LD_RUNPATH_SEARCH_PATHS = "$(inherited) @executable_path/../Frameworks";
				MACOSX_DEPLOYMENT_TARGET = 10.8;
				PRODUCT_BUNDLE_IDENTIFIER = com.jeuneprime.macos.exercise.BasicProcessManager;
				PRODUCT_NAME = "$(TARGET_NAME)";
			};
			name = Debug;
		};
		4B2452C21E68962600F4E78B /* Release */ = {
			isa = XCBuildConfiguration;
			buildSettings = {
				ASSETCATALOG_COMPILER_APPICON_NAME = AppIcon;
				COMBINE_HIDPI_IMAGES = YES;
				INFOPLIST_FILE = BasicProcessManager/Info.plist;
				LD_RUNPATH_SEARCH_PATHS = "$(inherited) @executable_path/../Frameworks";
				MACOSX_DEPLOYMENT_TARGET = 10.8;
				PRODUCT_BUNDLE_IDENTIFIER = com.jeuneprime.macos.exercise.BasicProcessManager;
				PRODUCT_NAME = "$(TARGET_NAME)";
			};
			name = Release;
		};
/* End XCBuildConfiguration section */

/* Begin XCConfigurationList section */
		4B2452AA1E68962600F4E78B /* Build configuration list for PBXProject "BasicProcessManager" */ = {
			isa = XCConfigurationList;
			buildConfigurations = (
				4B2452BE1E68962600F4E78B /* Debug */,
				4B2452BF1E68962600F4E78B /* Release */,
			);
			defaultConfigurationIsVisible = 0;
			defaultConfigurationName = Release;
		};
		4B2452C01E68962600F4E78B /* Build configuration list for PBXNativeTarget "BasicProcessManager" */ = {
			isa = XCConfigurationList;
			buildConfigurations = (
				4B2452C11E68962600F4E78B /* Debug */,
				4B2452C21E68962600F4E78B /* Release */,
			);
			defaultConfigurationIsVisible = 0;
		};
/* End XCConfigurationList section */
	};
	rootObject = 4B2452A71E68962600F4E78B /* Project object */;
}
